
Microsoft Visual Studio Solution File, Format Version 12.00
# Visual Studio 15
VisualStudioVersion = 15.0.28307.1267
MinimumVisualStudioVersion = 10.0.40219.1
Project("{FAE04EC0-301F-11D3-BF4B-00C04F79EFBC}") = "StringLibrary", "StringLibrary\StringLibrary.csproj", "{47B41BCE-6157-4715-83C3-FFB719047103}"
EndProject
Global
	GlobalSection(SolutionConfigurationPlatforms) = preSolution
		Debug|Any CPU = Debug|Any CPU
		Release|Any CPU = Release|Any CPU
	EndGlobalSection
	GlobalSection(ProjectConfigurationPlatforms) = postSolution
		{47B41BCE-6157-4715-83C3-FFB719047103}.Debug|Any CPU.ActiveCfg = Debug|Any CPU
		{47B41BCE-6157-4715-83C3-FFB719047103}.Debug|Any CPU.Build.0 = Debug|Any CPU
		{47B41BCE-6157-4715-83C3-FFB719047103}.Release|Any CPU.ActiveCfg = Release|Any CPU
		{47B41BCE-6157-4715-83C3-FFB719047103}.Release|Any CPU.Build.0 = Release|Any CPU
	EndGlobalSection
	GlobalSection(SolutionProperties) = preSolution
		HideSolutionNode = FALSE
	EndGlobalSection
	GlobalSection(ExtensibilityGlobals) = postSolution
		SolutionGuid = {948EDDE5-7DDC-421D-BCA2-288F7EC3D6BF}
	EndGlobalSection
EndGlobal
